
Microsoft Visual Studio Solution File, Format Version 12.00
# Visual Studio Version 16
VisualStudioVersion = 16.0.31515.178
MinimumVisualStudioVersion = 10.0.40219.1
Project("{9A19103F-16F7-4668-BE54-9A1E7A4F7556}") = "TestS3Lambda", "TestS3Lambda\TestS3Lambda.csproj", "{89585A6C-CAAE-4DF3-BF38-7FA9533A9F94}"
EndProject
Project("{9A19103F-16F7-4668-BE54-9A1E7A4F7556}") = "TestS3Lambda.Tests", "TestS3Lambda.Tests\TestS3Lambda.Tests.csproj", "{4A8C68B2-1C17-41E4-A9B3-CDB8AEA72D7B}"
EndProject
Global
	GlobalSection(SolutionConfigurationPlatforms) = preSolution
		Debug|Any CPU = Debug|Any CPU
		Release|Any CPU = Release|Any CPU
	EndGlobalSection
	GlobalSection(ProjectConfigurationPlatforms) = postSolution
		{89585A6C-CAAE-4DF3-BF38-7FA9533A9F94}.Debug|Any CPU.ActiveCfg = Debug|Any CPU
		{89585A6C-CAAE-4DF3-BF38-7FA9533A9F94}.Debug|Any CPU.Build.0 = Debug|Any CPU
		{89585A6C-CAAE-4DF3-BF38-7FA9533A9F94}.Release|Any CPU.ActiveCfg = Release|Any CPU
		{89585A6C-CAAE-4DF3-BF38-7FA9533A9F94}.Release|Any CPU.Build.0 = Release|Any CPU
		{4A8C68B2-1C17-41E4-A9B3-CDB8AEA72D7B}.Debug|Any CPU.ActiveCfg = Debug|Any CPU
		{4A8C68B2-1C17-41E4-A9B3-CDB8AEA72D7B}.Debug|Any CPU.Build.0 = Debug|Any CPU
		{4A8C68B2-1C17-41E4-A9B3-CDB8AEA72D7B}.Release|Any CPU.ActiveCfg = Release|Any CPU
		{4A8C68B2-1C17-41E4-A9B3-CDB8AEA72D7B}.Release|Any CPU.Build.0 = Release|Any CPU
	EndGlobalSection
	GlobalSection(SolutionProperties) = preSolution
		HideSolutionNode = FALSE
	EndGlobalSection
	GlobalSection(ExtensibilityGlobals) = postSolution
		SolutionGuid = {49837B61-4987-4D9D-9FF0-973E940613B8}
	EndGlobalSection
EndGlobal
